// !$*UTF8*$!
{
	archiveVersion = 1;
	classes = {
	};
	objectVersion = 46;
	objects = {

/* Begin PBXBuildFile section */
		7C3FC46E1BC508560094AE26 /* Course.swift in Sources */ = {isa = PBXBuildFile; fileRef = 7C3FC4651BC508560094AE26 /* Course.swift */; settings = {ASSET_TAGS = (); }; };
		7C3FC46F1BC508560094AE26 /* CourseModel.swift in Sources */ = {isa = PBXBuildFile; fileRef = 7C3FC4661BC508560094AE26 /* CourseModel.swift */; settings = {ASSET_TAGS = (); }; };
		7C3FC4701BC508560094AE26 /* CourseTableViewCell.swift in Sources */ = {isa = PBXBuildFile; fileRef = 7C3FC4671BC508560094AE26 /* CourseTableViewCell.swift */; settings = {ASSET_TAGS = (); }; };
		7C3FC4711BC508560094AE26 /* CourseViewController.swift in Sources */ = {isa = PBXBuildFile; fileRef = 7C3FC4681BC508560094AE26 /* CourseViewController.swift */; settings = {ASSET_TAGS = (); }; };
		7C3FC4721BC508560094AE26 /* Lesson.swift in Sources */ = {isa = PBXBuildFile; fileRef = 7C3FC4691BC508560094AE26 /* Lesson.swift */; settings = {ASSET_TAGS = (); }; };
		7C3FC4731BC508560094AE26 /* LessonModel.swift in Sources */ = {isa = PBXBuildFile; fileRef = 7C3FC46A1BC508560094AE26 /* LessonModel.swift */; settings = {ASSET_TAGS = (); }; };
		7C3FC4751BC508560094AE26 /* LessonViewController.swift in Sources */ = {isa = PBXBuildFile; fileRef = 7C3FC46C1BC508560094AE26 /* LessonViewController.swift */; settings = {ASSET_TAGS = (); }; };
		7C3FC4761BC508560094AE26 /* SettingsViewController.swift in Sources */ = {isa = PBXBuildFile; fileRef = 7C3FC46D1BC508560094AE26 /* SettingsViewController.swift */; settings = {ASSET_TAGS = (); }; };
		7CC13F0F1A7545BA0014DCBC /* AppDelegate.swift in Sources */ = {isa = PBXBuildFile; fileRef = 7CC13F0E1A7545BA0014DCBC /* AppDelegate.swift */; };
		7CC13F141A7545BA0014DCBC /* Main.storyboard in Resources */ = {isa = PBXBuildFile; fileRef = 7CC13F121A7545BA0014DCBC /* Main.storyboard */; };
		7CC13F161A7545BA0014DCBC /* Images.xcassets in Resources */ = {isa = PBXBuildFile; fileRef = 7CC13F151A7545BA0014DCBC /* Images.xcassets */; };
		7CC13F191A7545BA0014DCBC /* LaunchScreen.xib in Resources */ = {isa = PBXBuildFile; fileRef = 7CC13F171A7545BA0014DCBC /* LaunchScreen.xib */; };
		7CC13F251A7545BA0014DCBC /* BSmartTests.swift in Sources */ = {isa = PBXBuildFile; fileRef = 7CC13F241A7545BA0014DCBC /* BSmartTests.swift */; };
		7CC67DD71BD3944C0035DB4D /* Discloture Indecator Right.png in Resources */ = {isa = PBXBuildFile; fileRef = 7CC67DD61BD3944C0035DB4D /* Discloture Indecator Right.png */; settings = {ASSET_TAGS = (); }; };
		7CC67DD91BD395720035DB4D /* Discloture Indecator Left.png in Resources */ = {isa = PBXBuildFile; fileRef = 7CC67DD81BD395720035DB4D /* Discloture Indecator Left.png */; settings = {ASSET_TAGS = (); }; };
		7CF543091BC51B0B0021DEEA /* CourseTableViewCell.xib in Resources */ = {isa = PBXBuildFile; fileRef = 7CF543071BC51B0B0021DEEA /* CourseTableViewCell.xib */; settings = {ASSET_TAGS = (); }; };
		7CFCB7971BCD0A07001BD728 /* BeSmart.jpeg in Resources */ = {isa = PBXBuildFile; fileRef = 7CFCB78E1BCD0A07001BD728 /* BeSmart.jpeg */; settings = {ASSET_TAGS = (); }; };
		7CFCB7981BCD0A07001BD728 /* Bio_logo.jpg in Resources */ = {isa = PBXBuildFile; fileRef = 7CFCB78F1BCD0A07001BD728 /* Bio_logo.jpg */; settings = {ASSET_TAGS = (); }; };
		7CFCB7991BCD0A07001BD728 /* Chemistry_logo.jpeg in Resources */ = {isa = PBXBuildFile; fileRef = 7CFCB7901BCD0A07001BD728 /* Chemistry_logo.jpeg */; settings = {ASSET_TAGS = (); }; };
		7CFCB79A1BCD0A07001BD728 /* Chemistry_logo1.png in Resources */ = {isa = PBXBuildFile; fileRef = 7CFCB7911BCD0A07001BD728 /* Chemistry_logo1.png */; settings = {ASSET_TAGS = (); }; };
		7CFCB79B1BCD0A07001BD728 /* Geo_logo.jpeg in Resources */ = {isa = PBXBuildFile; fileRef = 7CFCB7921BCD0A07001BD728 /* Geo_logo.jpeg */; settings = {ASSET_TAGS = (); }; };
		7CFCB79C1BCD0A07001BD728 /* Math_logo.jpg in Resources */ = {isa = PBXBuildFile; fileRef = 7CFCB7931BCD0A07001BD728 /* Math_logo.jpg */; settings = {ASSET_TAGS = (); }; };
		7CFCB79D1BCD0A07001BD728 /* Physics_logo.jpg in Resources */ = {isa = PBXBuildFile; fileRef = 7CFCB7941BCD0A07001BD728 /* Physics_logo.jpg */; settings = {ASSET_TAGS = (); }; };
		7CFCB79E1BCD0A07001BD728 /* Settings_logo.png in Resources */ = {isa = PBXBuildFile; fileRef = 7CFCB7951BCD0A07001BD728 /* Settings_logo.png */; settings = {ASSET_TAGS = (); }; };
		7CFCB79F1BCD0A07001BD728 /* Stat_logo.jpeg in Resources */ = {isa = PBXBuildFile; fileRef = 7CFCB7961BCD0A07001BD728 /* Stat_logo.jpeg */; settings = {ASSET_TAGS = (); }; };
/* End PBXBuildFile section */

/* Begin PBXContainerItemProxy section */
		7CC13F1F1A7545BA0014DCBC /* PBXContainerItemProxy */ = {
			isa = PBXContainerItemProxy;
			containerPortal = 7CC13F011A7545BA0014DCBC /* Project object */;
			proxyType = 1;
			remoteGlobalIDString = 7CC13F081A7545BA0014DCBC;
			remoteInfo = BSmart;
		};
/* End PBXContainerItemProxy section */

/* Begin PBXFileReference section */
		7C3FC4651BC508560094AE26 /* Course.swift */ = {isa = PBXFileReference; fileEncoding = 4; lastKnownFileType = sourcecode.swift; path = Course.swift; sourceTree = "<group>"; };
		7C3FC4661BC508560094AE26 /* CourseModel.swift */ = {isa = PBXFileReference; fileEncoding = 4; lastKnownFileType = sourcecode.swift; path = CourseModel.swift; sourceTree = "<group>"; };
		7C3FC4671BC508560094AE26 /* CourseTableViewCell.swift */ = {isa = PBXFileReference; fileEncoding = 4; lastKnownFileType = sourcecode.swift; name = CourseTableViewCell.swift; path = ../CourseTableViewCell.swift; sourceTree = "<group>"; };
		7C3FC4681BC508560094AE26 /* CourseViewController.swift */ = {isa = PBXFileReference; fileEncoding = 4; lastKnownFileType = sourcecode.swift; name = CourseViewController.swift; path = ../CourseViewController.swift; sourceTree = "<group>"; };
		7C3FC4691BC508560094AE26 /* Lesson.swift */ = {isa = PBXFileReference; fileEncoding = 4; lastKnownFileType = sourcecode.swift; path = Lesson.swift; sourceTree = "<group>"; };
		7C3FC46A1BC508560094AE26 /* LessonModel.swift */ = {isa = PBXFileReference; fileEncoding = 4; lastKnownFileType = sourcecode.swift; path = LessonModel.swift; sourceTree = "<group>"; };
		7C3FC46C1BC508560094AE26 /* LessonViewController.swift */ = {isa = PBXFileReference; fileEncoding = 4; lastKnownFileType = sourcecode.swift; name = LessonViewController.swift; path = ../LessonViewController.swift; sourceTree = "<group>"; };
		7C3FC46D1BC508560094AE26 /* SettingsViewController.swift */ = {isa = PBXFileReference; fileEncoding = 4; lastKnownFileType = sourcecode.swift; name = SettingsViewController.swift; path = ../SettingsViewController.swift; sourceTree = "<group>"; };
		7CC13F091A7545BA0014DCBC /* BSmart.app */ = {isa = PBXFileReference; explicitFileType = wrapper.application; includeInIndex = 0; path = BSmart.app; sourceTree = BUILT_PRODUCTS_DIR; };
		7CC13F0D1A7545BA0014DCBC /* Info.plist */ = {isa = PBXFileReference; lastKnownFileType = text.plist.xml; path = Info.plist; sourceTree = "<group>"; };
		7CC13F0E1A7545BA0014DCBC /* AppDelegate.swift */ = {isa = PBXFileReference; lastKnownFileType = sourcecode.swift; path = AppDelegate.swift; sourceTree = "<group>"; };
		7CC13F131A7545BA0014DCBC /* Base */ = {isa = PBXFileReference; lastKnownFileType = file.storyboard; name = Base; path = Base.lproj/Main.storyboard; sourceTree = "<group>"; };
		7CC13F151A7545BA0014DCBC /* Images.xcassets */ = {isa = PBXFileReference; lastKnownFileType = folder.assetcatalog; path = Images.xcassets; sourceTree = "<group>"; };
		7CC13F181A7545BA0014DCBC /* Base */ = {isa = PBXFileReference; lastKnownFileType = file.xib; name = Base; path = Base.lproj/LaunchScreen.xib; sourceTree = "<group>"; };
		7CC13F1E1A7545BA0014DCBC /* BSmartTests.xctest */ = {isa = PBXFileReference; explicitFileType = wrapper.cfbundle; includeInIndex = 0; path = BSmartTests.xctest; sourceTree = BUILT_PRODUCTS_DIR; };
		7CC13F231A7545BA0014DCBC /* Info.plist */ = {isa = PBXFileReference; lastKnownFileType = text.plist.xml; path = Info.plist; sourceTree = "<group>"; };
		7CC13F241A7545BA0014DCBC /* BSmartTests.swift */ = {isa = PBXFileReference; lastKnownFileType = sourcecode.swift; path = BSmartTests.swift; sourceTree = "<group>"; };
		7CC67DD61BD3944C0035DB4D /* Discloture Indecator Right.png */ = {isa = PBXFileReference; lastKnownFileType = image.png; path = "Discloture Indecator Right.png"; sourceTree = "<group>"; };
		7CC67DD81BD395720035DB4D /* Discloture Indecator Left.png */ = {isa = PBXFileReference; lastKnownFileType = image.png; path = "Discloture Indecator Left.png"; sourceTree = "<group>"; };
		7CF543071BC51B0B0021DEEA /* CourseTableViewCell.xib */ = {isa = PBXFileReference; fileEncoding = 4; lastKnownFileType = file.xib; path = CourseTableViewCell.xib; sourceTree = "<group>"; };
		7CFCB78E1BCD0A07001BD728 /* BeSmart.jpeg */ = {isa = PBXFileReference; lastKnownFileType = image.jpeg; path = BeSmart.jpeg; sourceTree = "<group>"; };
		7CFCB78F1BCD0A07001BD728 /* Bio_logo.jpg */ = {isa = PBXFileReference; lastKnownFileType = image.jpeg; path = Bio_logo.jpg; sourceTree = "<group>"; };
		7CFCB7901BCD0A07001BD728 /* Chemistry_logo.jpeg */ = {isa = PBXFileReference; lastKnownFileType = image.jpeg; path = Chemistry_logo.jpeg; sourceTree = "<group>"; };
		7CFCB7911BCD0A07001BD728 /* Chemistry_logo1.png */ = {isa = PBXFileReference; lastKnownFileType = image.png; path = Chemistry_logo1.png; sourceTree = "<group>"; };
		7CFCB7921BCD0A07001BD728 /* Geo_logo.jpeg */ = {isa = PBXFileReference; lastKnownFileType = image.jpeg; path = Geo_logo.jpeg; sourceTree = "<group>"; };
		7CFCB7931BCD0A07001BD728 /* Math_logo.jpg */ = {isa = PBXFileReference; lastKnownFileType = image.jpeg; path = Math_logo.jpg; sourceTree = "<group>"; };
		7CFCB7941BCD0A07001BD728 /* Physics_logo.jpg */ = {isa = PBXFileReference; lastKnownFileType = image.jpeg; path = Physics_logo.jpg; sourceTree = "<group>"; };
		7CFCB7951BCD0A07001BD728 /* Settings_logo.png */ = {isa = PBXFileReference; lastKnownFileType = image.png; path = Settings_logo.png; sourceTree = "<group>"; };
		7CFCB7961BCD0A07001BD728 /* Stat_logo.jpeg */ = {isa = PBXFileReference; lastKnownFileType = image.jpeg; path = Stat_logo.jpeg; sourceTree = "<group>"; };
/* End PBXFileReference section */

/* Begin PBXFrameworksBuildPhase section */
		7CC13F061A7545BA0014DCBC /* Frameworks */ = {
			isa = PBXFrameworksBuildPhase;
			buildActionMask = 2147483647;
			files = (
			);
			runOnlyForDeploymentPostprocessing = 0;
		};
		7CC13F1B1A7545BA0014DCBC /* Frameworks */ = {
			isa = PBXFrameworksBuildPhase;
			buildActionMask = 2147483647;
			files = (
			);
			runOnlyForDeploymentPostprocessing = 0;
		};
/* End PBXFrameworksBuildPhase section */

/* Begin PBXGroup section */
		7CC13F001A7545BA0014DCBC = {
			isa = PBXGroup;
			children = (
				7CC13F0B1A7545BA0014DCBC /* BSmart */,
				7CC13F211A7545BA0014DCBC /* BSmartTests */,
				7CC13F0A1A7545BA0014DCBC /* Products */,
				7C3FC4651BC508560094AE26 /* Course.swift */,
				7C3FC4661BC508560094AE26 /* CourseModel.swift */,
				7C3FC4691BC508560094AE26 /* Lesson.swift */,
				7C3FC46A1BC508560094AE26 /* LessonModel.swift */,
			);
			sourceTree = "<group>";
		};
		7CC13F0A1A7545BA0014DCBC /* Products */ = {
			isa = PBXGroup;
			children = (
				7CC13F091A7545BA0014DCBC /* BSmart.app */,
				7CC13F1E1A7545BA0014DCBC /* BSmartTests.xctest */,
			);
			name = Products;
			sourceTree = "<group>";
		};
		7CC13F0B1A7545BA0014DCBC /* BSmart */ = {
			isa = PBXGroup;
			children = (
				7CC13F0E1A7545BA0014DCBC /* AppDelegate.swift */,
				7C3FC4681BC508560094AE26 /* CourseViewController.swift */,
				7C3FC46C1BC508560094AE26 /* LessonViewController.swift */,
				7C3FC46D1BC508560094AE26 /* SettingsViewController.swift */,
				7CC13F121A7545BA0014DCBC /* Main.storyboard */,
				7C3FC4671BC508560094AE26 /* CourseTableViewCell.swift */,
				7CF543071BC51B0B0021DEEA /* CourseTableViewCell.xib */,
				7CC13F151A7545BA0014DCBC /* Images.xcassets */,
				7CC67DD81BD395720035DB4D /* Discloture Indecator Left.png */,
				7CC67DD61BD3944C0035DB4D /* Discloture Indecator Right.png */,
				7CFCB78E1BCD0A07001BD728 /* BeSmart.jpeg */,
				7CFCB78F1BCD0A07001BD728 /* Bio_logo.jpg */,
				7CFCB7901BCD0A07001BD728 /* Chemistry_logo.jpeg */,
				7CFCB7911BCD0A07001BD728 /* Chemistry_logo1.png */,
				7CFCB7921BCD0A07001BD728 /* Geo_logo.jpeg */,
				7CFCB7931BCD0A07001BD728 /* Math_logo.jpg */,
				7CFCB7941BCD0A07001BD728 /* Physics_logo.jpg */,
				7CFCB7951BCD0A07001BD728 /* Settings_logo.png */,
				7CFCB7961BCD0A07001BD728 /* Stat_logo.jpeg */,
				7CC13F171A7545BA0014DCBC /* LaunchScreen.xib */,
				7CC13F0C1A7545BA0014DCBC /* Supporting Files */,
			);
			path = BSmart;
			sourceTree = "<group>";
		};
		7CC13F0C1A7545BA0014DCBC /* Supporting Files */ = {
			isa = PBXGroup;
			children = (
				7CC13F0D1A7545BA0014DCBC /* Info.plist */,
			);
			name = "Supporting Files";
			sourceTree = "<group>";
		};
		7CC13F211A7545BA0014DCBC /* BSmartTests */ = {
			isa = PBXGroup;
			children = (
				7CC13F241A7545BA0014DCBC /* BSmartTests.swift */,
				7CC13F221A7545BA0014DCBC /* Supporting Files */,
			);
			path = BSmartTests;
			sourceTree = "<group>";
		};
		7CC13F221A7545BA0014DCBC /* Supporting Files */ = {
			isa = PBXGroup;
			children = (
				7CC13F231A7545BA0014DCBC /* Info.plist */,
			);
			name = "Supporting Files";
			sourceTree = "<group>";
		};
/* End PBXGroup section */

/* Begin PBXNativeTarget section */
		7CC13F081A7545BA0014DCBC /* BSmart */ = {
			isa = PBXNativeTarget;
			buildConfigurationList = 7CC13F281A7545BA0014DCBC /* Build configuration list for PBXNativeTarget "BSmart" */;
			buildPhases = (
				7CC13F051A7545BA0014DCBC /* Sources */,
				7CC13F061A7545BA0014DCBC /* Frameworks */,
				7CC13F071A7545BA0014DCBC /* Resources */,
			);
			buildRules = (
			);
			dependencies = (
			);
			name = BSmart;
			productName = BSmart;
			productReference = 7CC13F091A7545BA0014DCBC /* BSmart.app */;
			productType = "com.apple.product-type.application";
		};
		7CC13F1D1A7545BA0014DCBC /* BSmartTests */ = {
			isa = PBXNativeTarget;
			buildConfigurationList = 7CC13F2B1A7545BA0014DCBC /* Build configuration list for PBXNativeTarget "BSmartTests" */;
			buildPhases = (
				7CC13F1A1A7545BA0014DCBC /* Sources */,
				7CC13F1B1A7545BA0014DCBC /* Frameworks */,
				7CC13F1C1A7545BA0014DCBC /* Resources */,
			);
			buildRules = (
			);
			dependencies = (
				7CC13F201A7545BA0014DCBC /* PBXTargetDependency */,
			);
			name = BSmartTests;
			productName = BSmartTests;
			productReference = 7CC13F1E1A7545BA0014DCBC /* BSmartTests.xctest */;
			productType = "com.apple.product-type.bundle.unit-test";
		};
/* End PBXNativeTarget section */

/* Begin PBXProject section */
		7CC13F011A7545BA0014DCBC /* Project object */ = {
			isa = PBXProject;
			attributes = {
				LastUpgradeCheck = 0610;
				ORGANIZATIONNAME = "B Company";
				TargetAttributes = {
					7CC13F081A7545BA0014DCBC = {
						CreatedOnToolsVersion = 6.1.1;
					};
					7CC13F1D1A7545BA0014DCBC = {
						CreatedOnToolsVersion = 6.1.1;
						TestTargetID = 7CC13F081A7545BA0014DCBC;
					};
				};
			};
			buildConfigurationList = 7CC13F041A7545BA0014DCBC /* Build configuration list for PBXProject "BSmart" */;
			compatibilityVersion = "Xcode 3.2";
			developmentRegion = English;
			hasScannedForEncodings = 0;
			knownRegions = (
				en,
				Base,
			);
			mainGroup = 7CC13F001A7545BA0014DCBC;
			productRefGroup = 7CC13F0A1A7545BA0014DCBC /* Products */;
			projectDirPath = "";
			projectRoot = "";
			targets = (
				7CC13F081A7545BA0014DCBC /* BSmart */,
				7CC13F1D1A7545BA0014DCBC /* BSmartTests */,
			);
		};
/* End PBXProject section */

/* Begin PBXResourcesBuildPhase section */
		7CC13F071A7545BA0014DCBC /* Resources */ = {
			isa = PBXResourcesBuildPhase;
			buildActionMask = 2147483647;
			files = (
				7CC13F141A7545BA0014DCBC /* Main.storyboard in Resources */,
				7CF543091BC51B0B0021DEEA /* CourseTableViewCell.xib in Resources */,
				7CFCB79B1BCD0A07001BD728 /* Geo_logo.jpeg in Resources */,
				7CFCB7971BCD0A07001BD728 /* BeSmart.jpeg in Resources */,
				7CC13F191A7545BA0014DCBC /* LaunchScreen.xib in Resources */,
				7CFCB79A1BCD0A07001BD728 /* Chemistry_logo1.png in Resources */,
				7CFCB79D1BCD0A07001BD728 /* Physics_logo.jpg in Resources */,
				7CFCB7981BCD0A07001BD728 /* Bio_logo.jpg in Resources */,
				7CC67DD71BD3944C0035DB4D /* Discloture Indecator Right.png in Resources */,
				7CFCB79F1BCD0A07001BD728 /* Stat_logo.jpeg in Resources */,
				7CFCB79C1BCD0A07001BD728 /* Math_logo.jpg in Resources */,
				7CC67DD91BD395720035DB4D /* Discloture Indecator Left.png in Resources */,
				7CC13F161A7545BA0014DCBC /* Images.xcassets in Resources */,
				7CFCB79E1BCD0A07001BD728 /* Settings_logo.png in Resources */,
				7CFCB7991BCD0A07001BD728 /* Chemistry_logo.jpeg in Resources */,
			);
			runOnlyForDeploymentPostprocessing = 0;
		};
		7CC13F1C1A7545BA0014DCBC /* Resources */ = {
			isa = PBXResourcesBuildPhase;
			buildActionMask = 2147483647;
			files = (
			);
			runOnlyForDeploymentPostprocessing = 0;
		};
/* End PBXResourcesBuildPhase section */

/* Begin PBXSourcesBuildPhase section */
		7CC13F051A7545BA0014DCBC /* Sources */ = {
			isa = PBXSourcesBuildPhase;
			buildActionMask = 2147483647;
			files = (
				7C3FC46E1BC508560094AE26 /* Course.swift in Sources */,
				7C3FC4731BC508560094AE26 /* LessonModel.swift in Sources */,
				7C3FC4761BC508560094AE26 /* SettingsViewController.swift in Sources */,
				7C3FC46F1BC508560094AE26 /* CourseModel.swift in Sources */,
				7CC13F0F1A7545BA0014DCBC /* AppDelegate.swift in Sources */,
				7C3FC4701BC508560094AE26 /* CourseTableViewCell.swift in Sources */,
				7C3FC4721BC508560094AE26 /* Lesson.swift in Sources */,
				7C3FC4751BC508560094AE26 /* LessonViewController.swift in Sources */,
				7C3FC4711BC508560094AE26 /* CourseViewController.swift in Sources */,
			);
			runOnlyForDeploymentPostprocessing = 0;
		};
		7CC13F1A1A7545BA0014DCBC /* Sources */ = {
			isa = PBXSourcesBuildPhase;
			buildActionMask = 2147483647;
			files = (
				7CC13F251A7545BA0014DCBC /* BSmartTests.swift in Sources */,
			);
			runOnlyForDeploymentPostprocessing = 0;
		};
/* End PBXSourcesBuildPhase section */

/* Begin PBXTargetDependency section */
		7CC13F201A7545BA0014DCBC /* PBXTargetDependency */ = {
			isa = PBXTargetDependency;
			target = 7CC13F081A7545BA0014DCBC /* BSmart */;
			targetProxy = 7CC13F1F1A7545BA0014DCBC /* PBXContainerItemProxy */;
		};
/* End PBXTargetDependency section */

/* Begin PBXVariantGroup section */
		7CC13F121A7545BA0014DCBC /* Main.storyboard */ = {
			isa = PBXVariantGroup;
			children = (
				7CC13F131A7545BA0014DCBC /* Base */,
			);
			name = Main.storyboard;
			sourceTree = "<group>";
		};
		7CC13F171A7545BA0014DCBC /* LaunchScreen.xib */ = {
			isa = PBXVariantGroup;
			children = (
				7CC13F181A7545BA0014DCBC /* Base */,
			);
			name = LaunchScreen.xib;
			sourceTree = "<group>";
		};
/* End PBXVariantGroup section */

/* Begin XCBuildConfiguration section */
		7CC13F261A7545BA0014DCBC /* Debug */ = {
			isa = XCBuildConfiguration;
			buildSettings = {
				ALWAYS_SEARCH_USER_PATHS = NO;
				CLANG_CXX_LANGUAGE_STANDARD = "gnu++0x";
				CLANG_CXX_LIBRARY = "libc++";
				CLANG_ENABLE_MODULES = YES;
				CLANG_ENABLE_OBJC_ARC = YES;
				CLANG_WARN_BOOL_CONVERSION = YES;
				CLANG_WARN_CONSTANT_CONVERSION = YES;
				CLANG_WARN_DIRECT_OBJC_ISA_USAGE = YES_ERROR;
				CLANG_WARN_EMPTY_BODY = YES;
				CLANG_WARN_ENUM_CONVERSION = YES;
				CLANG_WARN_INT_CONVERSION = YES;
				CLANG_WARN_OBJC_ROOT_CLASS = YES_ERROR;
				CLANG_WARN_UNREACHABLE_CODE = YES;
				CLANG_WARN__DUPLICATE_METHOD_MATCH = YES;
				"CODE_SIGN_IDENTITY[sdk=iphoneos*]" = "iPhone Developer";
				COPY_PHASE_STRIP = NO;
				ENABLE_STRICT_OBJC_MSGSEND = YES;
				GCC_C_LANGUAGE_STANDARD = gnu99;
				GCC_DYNAMIC_NO_PIC = NO;
				GCC_OPTIMIZATION_LEVEL = 0;
				GCC_PREPROCESSOR_DEFINITIONS = (
					"DEBUG=1",
					"$(inherited)",
				);
				GCC_SYMBOLS_PRIVATE_EXTERN = NO;
				GCC_WARN_64_TO_32_BIT_CONVERSION = YES;
				GCC_WARN_ABOUT_RETURN_TYPE = YES_ERROR;
				GCC_WARN_UNDECLARED_SELECTOR = YES;
				GCC_WARN_UNINITIALIZED_AUTOS = YES_AGGRESSIVE;
				GCC_WARN_UNUSED_FUNCTION = YES;
				GCC_WARN_UNUSED_VARIABLE = YES;
				IPHONEOS_DEPLOYMENT_TARGET = 8.1;
				MTL_ENABLE_DEBUG_INFO = YES;
				ONLY_ACTIVE_ARCH = YES;
				SDKROOT = iphoneos;
				SWIFT_OPTIMIZATION_LEVEL = "-Onone";
			};
			name = Debug;
		};
		7CC13F271A7545BA0014DCBC /* Release */ = {
			isa = XCBuildConfiguration;
			buildSettings = {
				ALWAYS_SEARCH_USER_PATHS = NO;
				CLANG_CXX_LANGUAGE_STANDARD = "gnu++0x";
				CLANG_CXX_LIBRARY = "libc++";
				CLANG_ENABLE_MODULES = YES;
				CLANG_ENABLE_OBJC_ARC = YES;
				CLANG_WARN_BOOL_CONVERSION = YES;
				CLANG_WARN_CONSTANT_CONVERSION = YES;
				CLANG_WARN_DIRECT_OBJC_ISA_USAGE = YES_ERROR;
				CLANG_WARN_EMPTY_BODY = YES;
				CLANG_WARN_ENUM_CONVERSION = YES;
				CLANG_WARN_INT_CONVERSION = YES;
				CLANG_WARN_OBJC_ROOT_CLASS = YES_ERROR;
				CLANG_WARN_UNREACHABLE_CODE = YES;
				CLANG_WARN__DUPLICATE_METHOD_MATCH = YES;
				"CODE_SIGN_IDENTITY[sdk=iphoneos*]" = "iPhone Developer";
				COPY_PHASE_STRIP = YES;
				ENABLE_NS_ASSERTIONS = NO;
				ENABLE_STRICT_OBJC_MSGSEND = YES;
				GCC_C_LANGUAGE_STANDARD = gnu99;
				GCC_WARN_64_TO_32_BIT_CONVERSION = YES;
				GCC_WARN_ABOUT_RETURN_TYPE = YES_ERROR;
				GCC_WARN_UNDECLARED_SELECTOR = YES;
				GCC_WARN_UNINITIALIZED_AUTOS = YES_AGGRESSIVE;
				GCC_WARN_UNUSED_FUNCTION = YES;
				GCC_WARN_UNUSED_VARIABLE = YES;
				IPHONEOS_DEPLOYMENT_TARGET = 8.1;
				MTL_ENABLE_DEBUG_INFO = NO;
				SDKROOT = iphoneos;
				VALIDATE_PRODUCT = YES;
			};
			name = Release;
		};
		7CC13F291A7545BA0014DCBC /* Debug */ = {
			isa = XCBuildConfiguration;
			buildSettings = {
				ASSETCATALOG_COMPILER_APPICON_NAME = AppIcon;
				INFOPLIST_FILE = BSmart/Info.plist;
				LD_RUNPATH_SEARCH_PATHS = "$(inherited) @executable_path/Frameworks";
				PRODUCT_NAME = "$(TARGET_NAME)";
			};
			name = Debug;
		};
		7CC13F2A1A7545BA0014DCBC /* Release */ = {
			isa = XCBuildConfiguration;
			buildSettings = {
				ASSETCATALOG_COMPILER_APPICON_NAME = AppIcon;
				INFOPLIST_FILE = BSmart/Info.plist;
				LD_RUNPATH_SEARCH_PATHS = "$(inherited) @executable_path/Frameworks";
				PRODUCT_NAME = "$(TARGET_NAME)";
			};
			name = Release;
		};
		7CC13F2C1A7545BA0014DCBC /* Debug */ = {
			isa = XCBuildConfiguration;
			buildSettings = {
				BUNDLE_LOADER = "$(TEST_HOST)";
				FRAMEWORK_SEARCH_PATHS = (
					"$(SDKROOT)/Developer/Library/Frameworks",
					"$(inherited)",
				);
				GCC_PREPROCESSOR_DEFINITIONS = (
					"DEBUG=1",
					"$(inherited)",
				);
				INFOPLIST_FILE = BSmartTests/Info.plist;
				LD_RUNPATH_SEARCH_PATHS = "$(inherited) @executable_path/Frameworks @loader_path/Frameworks";
				PRODUCT_NAME = "$(TARGET_NAME)";
				TEST_HOST = "$(BUILT_PRODUCTS_DIR)/BSmart.app/BSmart";
			};
			name = Debug;
		};
		7CC13F2D1A7545BA0014DCBC /* Release */ = {
			isa = XCBuildConfiguration;
			buildSettings = {
				BUNDLE_LOADER = "$(TEST_HOST)";
				FRAMEWORK_SEARCH_PATHS = (
					"$(SDKROOT)/Developer/Library/Frameworks",
					"$(inherited)",
				);
				INFOPLIST_FILE = BSmartTests/Info.plist;
				LD_RUNPATH_SEARCH_PATHS = "$(inherited) @executable_path/Frameworks @loader_path/Frameworks";
				PRODUCT_NAME = "$(TARGET_NAME)";
				TEST_HOST = "$(BUILT_PRODUCTS_DIR)/BSmart.app/BSmart";
			};
			name = Release;
		};
/* End XCBuildConfiguration section */

/* Begin XCConfigurationList section */
		7CC13F041A7545BA0014DCBC /* Build configuration list for PBXProject "BSmart" */ = {
			isa = XCConfigurationList;
			buildConfigurations = (
				7CC13F261A7545BA0014DCBC /* Debug */,
				7CC13F271A7545BA0014DCBC /* Release */,
			);
			defaultConfigurationIsVisible = 0;
			defaultConfigurationName = Release;
		};
		7CC13F281A7545BA0014DCBC /* Build configuration list for PBXNativeTarget "BSmart" */ = {
			isa = XCConfigurationList;
			buildConfigurations = (
				7CC13F291A7545BA0014DCBC /* Debug */,
				7CC13F2A1A7545BA0014DCBC /* Release */,
			);
			defaultConfigurationIsVisible = 0;
			defaultConfigurationName = Release;
		};
		7CC13F2B1A7545BA0014DCBC /* Build configuration list for PBXNativeTarget "BSmartTests" */ = {
			isa = XCConfigurationList;
			buildConfigurations = (
				7CC13F2C1A7545BA0014DCBC /* Debug */,
				7CC13F2D1A7545BA0014DCBC /* Release */,
			);
			defaultConfigurationIsVisible = 0;
			defaultConfigurationName = Release;
		};
/* End XCConfigurationList section */
	};
	rootObject = 7CC13F011A7545BA0014DCBC /* Project object */;
}
